
Microsoft Visual Studio Solution File, Format Version 12.00
# Visual Studio 2017
Project("{FAE04EC0-301F-11D3-BF4B-00C04F79EFBC}") = "Tales of Shadows", "Tales of Shadows.csproj", "{01263748-3D2B-FB21-9BBB-093BB4696A5B}"
EndProject
Global
	GlobalSection(SolutionConfigurationPlatforms) = preSolution
		Debug|Any CPU = Debug|Any CPU
		Release|Any CPU = Release|Any CPU
	EndGlobalSection
	GlobalSection(ProjectConfigurationPlatforms) = postSolution
		{01263748-3D2B-FB21-9BBB-093BB4696A5B}.Debug|Any CPU.ActiveCfg = Debug|Any CPU
		{01263748-3D2B-FB21-9BBB-093BB4696A5B}.Debug|Any CPU.Build.0 = Debug|Any CPU
		{01263748-3D2B-FB21-9BBB-093BB4696A5B}.Release|Any CPU.ActiveCfg = Release|Any CPU
		{01263748-3D2B-FB21-9BBB-093BB4696A5B}.Release|Any CPU.Build.0 = Release|Any CPU
	EndGlobalSection
	GlobalSection(SolutionProperties) = preSolution
		HideSolutionNode = FALSE
	EndGlobalSection
EndGlobal
